
Microsoft Visual Studio Solution File, Format Version 12.00
# Visual Studio 15
VisualStudioVersion = 15.0.27130.2024
MinimumVisualStudioVersion = 10.0.40219.1
Project("{2150E333-8FDC-42A3-9474-1A3956D46DE8}") = "Tests", "Tests", "{F05ED0D6-CE7B-4CD7-A44B-08AA8580D05D}"
EndProject
Project("{FAE04EC0-301F-11D3-BF4B-00C04F79EFBC}") = "SFA.DAS.Support.Portal.Web", "SFA.DAS.Support.Portal.Web\SFA.DAS.Support.Portal.Web.csproj", "{5B06A69D-8660-4D15-B6B1-6A7DDBAA5CE5}"
EndProject
Project("{FAE04EC0-301F-11D3-BF4B-00C04F79EFBC}") = "SFA.DAS.Support.Portal.Infrastructure", "SFA.DAS.Support.Portal.Infrastructure\SFA.DAS.Support.Portal.Infrastructure.csproj", "{4CC506AE-F6BC-46B2-910A-D6BF29DA8D90}"
EndProject
Project("{FAE04EC0-301F-11D3-BF4B-00C04F79EFBC}") = "SFA.DAS.Support.Portal.ApplicationServices", "SFA.DAS.Support.Portal.ApplicationServices\SFA.DAS.Support.Portal.ApplicationServices.csproj", "{CE85AAE2-BD07-45F0-A642-4FA376ED9BF1}"
EndProject
Project("{FAE04EC0-301F-11D3-BF4B-00C04F79EFBC}") = "SFA.DAS.Support.Portal.Core", "SFA.DAS.Support.Portal.Core\SFA.DAS.Support.Portal.Core.csproj", "{9CF7EBA9-983F-450D-8F90-D5CA64AF21B1}"
EndProject
Project("{FAE04EC0-301F-11D3-BF4B-00C04F79EFBC}") = "SFA.DAS.Support.Portal.Health", "SFA.DAS.Support.Portal.Health\SFA.DAS.Support.Portal.Health.csproj", "{FC05B066-5813-403D-BCD7-ABC01EE6041B}"
EndProject
Project("{FAE04EC0-301F-11D3-BF4B-00C04F79EFBC}") = "SFA.DAS.Support.Portal.ApplicationServices.UnitTests", "SFA.DAS.Support.Portal.ApplicationServices.UnitTests\SFA.DAS.Support.Portal.ApplicationServices.UnitTests.csproj", "{DEB95203-33EA-4A35-80BE-70572448F338}"
EndProject
Project("{FAE04EC0-301F-11D3-BF4B-00C04F79EFBC}") = "SFA.DAS.Support.Portal.Infrastructure.UnitTests", "SFA.DAS.Support.Portal.Infrastructure.UnitTests\SFA.DAS.Support.Portal.Infrastructure.UnitTests.csproj", "{C7A37DC6-3AC6-4397-9E06-0EA932D69A17}"
EndProject
Project("{FAE04EC0-301F-11D3-BF4B-00C04F79EFBC}") = "SFA.DAS.Support.Portal.UnitTests", "SFA.DAS.Support.Portal.UnitTests\SFA.DAS.Support.Portal.UnitTests.csproj", "{1E211E27-E55C-41C8-B7B8-3C91109CB3E7}"
EndProject
Project("{2150E333-8FDC-42A3-9474-1A3956D46DE8}") = "Portal", "Portal", "{4926D54D-4DA8-4C4C-A707-694640346787}"
EndProject
Project("{2150E333-8FDC-42A3-9474-1A3956D46DE8}") = "Indexer", "Indexer", "{646D8258-CD8E-475E-9F33-36E554693651}"
EndProject
Project("{2150E333-8FDC-42A3-9474-1A3956D46DE8}") = "Cloud", "Cloud", "{0C47B3E5-26FC-4ACF-BA9E-BF8D68F14794}"
EndProject
Project("{FAE04EC0-301F-11D3-BF4B-00C04F79EFBC}") = "SFA.DAS.Support.Indexer.ApplicationServices", "SFA.DAS.Support.Indexer.ApplicationServices\SFA.DAS.Support.Indexer.ApplicationServices.csproj", "{D0FD8153-1944-43B9-B255-135EE775699B}"
EndProject
Project("{FAE04EC0-301F-11D3-BF4B-00C04F79EFBC}") = "SFA.DAS.Support.Indexer.Core", "SFA.DAS.Support.Indexer.Core\SFA.DAS.Support.Indexer.Core.csproj", "{5C3439D0-F4ED-4071-8A39-650DC231EF84}"
EndProject
Project("{FAE04EC0-301F-11D3-BF4B-00C04F79EFBC}") = "SFA.DAS.Support.Indexer.Worker", "SFA.DAS.Support.Indexer.Worker\SFA.DAS.Support.Indexer.Worker.csproj", "{127E0CB4-7B8C-490E-8A38-233C21EB03BE}"
EndProject
Project("{CC5FD16D-436D-48AD-A40C-5A424C6E3E79}") = "SFA.DAS.Support.Portal.Web.CloudService", "SFA.DAS.Support.Portal.Web.CloudService\SFA.DAS.Support.Portal.Web.CloudService.ccproj", "{114C3D2F-1E05-45ED-ACF6-161F534475C6}"
EndProject
Project("{2150E333-8FDC-42A3-9474-1A3956D46DE8}") = "Tests", "Tests", "{39C55247-F5FE-42CB-9488-EFB6C88B3D6C}"
EndProject
Project("{CC5FD16D-436D-48AD-A40C-5A424C6E3E79}") = "SFA.DAS.Support.Indexer.CloudService", "SFA.DAS.Support.Indexer.CloudService\SFA.DAS.Support.Indexer.CloudService.ccproj", "{8EFB0EEB-33DA-4B59-8B93-ADCD0FEF5798}"
EndProject
Project("{2150E333-8FDC-42A3-9474-1A3956D46DE8}") = "Infrastructure", "Infrastructure", "{EE10161A-BB1F-42A4-B5EE-1958A424D21C}"
EndProject
Project("{FAE04EC0-301F-11D3-BF4B-00C04F79EFBC}") = "SFA.DAS.Support.Common.Infrastucture", "SFA.DAS.Support.Common.Infrastucture\SFA.DAS.Support.Common.Infrastucture.csproj", "{E233B49B-0294-41E0-B3AC-284D36E0B16E}"
EndProject
Project("{2150E333-8FDC-42A3-9474-1A3956D46DE8}") = "Tests", "Tests", "{03D1EF1D-C8F6-44D6-903F-F163F610709E}"
EndProject
Project("{FAE04EC0-301F-11D3-BF4B-00C04F79EFBC}") = "SFA.DAS.Support.Common.Infrastucture.UnitTests", "SFA.DAS.Support.Common.Infrastucture.UnitTests\SFA.DAS.Support.Common.Infrastucture.UnitTests.csproj", "{A5323804-C057-4145-8C83-DC07E00F38C5}"
EndProject
Project("{FAE04EC0-301F-11D3-BF4B-00C04F79EFBC}") = "SFA.DAS.Support.Portal.Indexer.Worker.UnitTests", "SFA.DAS.Support.Portal.Indexer.Worker.UnitTests\SFA.DAS.Support.Portal.Indexer.Worker.UnitTests.csproj", "{D2A88196-DA7D-43B1-B0E9-3AA07659AB61}"
EndProject
Project("{FAE04EC0-301F-11D3-BF4B-00C04F79EFBC}") = "SFA.DAS.Support.Shared", "SFA.DAS.Support.Shared\SFA.DAS.Support.Shared.csproj", "{369D5548-CF74-4E48-946B-0183587F52A8}"
EndProject
Project("{2150E333-8FDC-42A3-9474-1A3956D46DE8}") = "Shared", "Shared", "{A1872D18-C20C-4365-B94A-5DE83F811233}"
EndProject
Project("{FAE04EC0-301F-11D3-BF4B-00C04F79EFBC}") = "SFA.DAS.Support.Shared.Tests", "SFA.DAS.Support.Shared.Tests\SFA.DAS.Support.Shared.Tests.csproj", "{DB114C77-4906-4F20-9824-C01BEEB26EDC}"
EndProject
Project("{2150E333-8FDC-42A3-9474-1A3956D46DE8}") = "Tests", "Tests", "{1EF32DE6-416E-40B7-934B-E92E8363B182}"
EndProject
Project("{2150E333-8FDC-42A3-9474-1A3956D46DE8}") = "Certificates", "Certificates", "{C3F493EF-0902-404A-A2FA-63E2CFB57629}"
	ProjectSection(SolutionItems) = preProject
		Certificates\localhost.pfx = Certificates\localhost.pfx
	EndProjectSection
EndProject
Global
	GlobalSection(SolutionConfigurationPlatforms) = preSolution
		Debug|Any CPU = Debug|Any CPU
		Release|Any CPU = Release|Any CPU
	EndGlobalSection
	GlobalSection(ProjectConfigurationPlatforms) = postSolution
		{5B06A69D-8660-4D15-B6B1-6A7DDBAA5CE5}.Debug|Any CPU.ActiveCfg = Debug|Any CPU
		{5B06A69D-8660-4D15-B6B1-6A7DDBAA5CE5}.Debug|Any CPU.Build.0 = Debug|Any CPU
		{5B06A69D-8660-4D15-B6B1-6A7DDBAA5CE5}.Release|Any CPU.ActiveCfg = Release|Any CPU
		{5B06A69D-8660-4D15-B6B1-6A7DDBAA5CE5}.Release|Any CPU.Build.0 = Release|Any CPU
		{4CC506AE-F6BC-46B2-910A-D6BF29DA8D90}.Debug|Any CPU.ActiveCfg = Debug|Any CPU
		{4CC506AE-F6BC-46B2-910A-D6BF29DA8D90}.Debug|Any CPU.Build.0 = Debug|Any CPU
		{4CC506AE-F6BC-46B2-910A-D6BF29DA8D90}.Release|Any CPU.ActiveCfg = Release|Any CPU
		{4CC506AE-F6BC-46B2-910A-D6BF29DA8D90}.Release|Any CPU.Build.0 = Release|Any CPU
		{CE85AAE2-BD07-45F0-A642-4FA376ED9BF1}.Debug|Any CPU.ActiveCfg = Debug|Any CPU
		{CE85AAE2-BD07-45F0-A642-4FA376ED9BF1}.Debug|Any CPU.Build.0 = Debug|Any CPU
		{CE85AAE2-BD07-45F0-A642-4FA376ED9BF1}.Release|Any CPU.ActiveCfg = Release|Any CPU
		{CE85AAE2-BD07-45F0-A642-4FA376ED9BF1}.Release|Any CPU.Build.0 = Release|Any CPU
		{9CF7EBA9-983F-450D-8F90-D5CA64AF21B1}.Debug|Any CPU.ActiveCfg = Debug|Any CPU
		{9CF7EBA9-983F-450D-8F90-D5CA64AF21B1}.Debug|Any CPU.Build.0 = Debug|Any CPU
		{9CF7EBA9-983F-450D-8F90-D5CA64AF21B1}.Release|Any CPU.ActiveCfg = Release|Any CPU
		{9CF7EBA9-983F-450D-8F90-D5CA64AF21B1}.Release|Any CPU.Build.0 = Release|Any CPU
		{FC05B066-5813-403D-BCD7-ABC01EE6041B}.Debug|Any CPU.ActiveCfg = Debug|Any CPU
		{FC05B066-5813-403D-BCD7-ABC01EE6041B}.Debug|Any CPU.Build.0 = Debug|Any CPU
		{FC05B066-5813-403D-BCD7-ABC01EE6041B}.Release|Any CPU.ActiveCfg = Release|Any CPU
		{FC05B066-5813-403D-BCD7-ABC01EE6041B}.Release|Any CPU.Build.0 = Release|Any CPU
		{DEB95203-33EA-4A35-80BE-70572448F338}.Debug|Any CPU.ActiveCfg = Debug|Any CPU
		{DEB95203-33EA-4A35-80BE-70572448F338}.Debug|Any CPU.Build.0 = Debug|Any CPU
		{DEB95203-33EA-4A35-80BE-70572448F338}.Release|Any CPU.ActiveCfg = Release|Any CPU
		{DEB95203-33EA-4A35-80BE-70572448F338}.Release|Any CPU.Build.0 = Release|Any CPU
		{C7A37DC6-3AC6-4397-9E06-0EA932D69A17}.Debug|Any CPU.ActiveCfg = Debug|Any CPU
		{C7A37DC6-3AC6-4397-9E06-0EA932D69A17}.Debug|Any CPU.Build.0 = Debug|Any CPU
		{C7A37DC6-3AC6-4397-9E06-0EA932D69A17}.Release|Any CPU.ActiveCfg = Release|Any CPU
		{C7A37DC6-3AC6-4397-9E06-0EA932D69A17}.Release|Any CPU.Build.0 = Release|Any CPU
		{1E211E27-E55C-41C8-B7B8-3C91109CB3E7}.Debug|Any CPU.ActiveCfg = Debug|Any CPU
		{1E211E27-E55C-41C8-B7B8-3C91109CB3E7}.Debug|Any CPU.Build.0 = Debug|Any CPU
		{1E211E27-E55C-41C8-B7B8-3C91109CB3E7}.Release|Any CPU.ActiveCfg = Release|Any CPU
		{1E211E27-E55C-41C8-B7B8-3C91109CB3E7}.Release|Any CPU.Build.0 = Release|Any CPU
		{D0FD8153-1944-43B9-B255-135EE775699B}.Debug|Any CPU.ActiveCfg = Debug|Any CPU
		{D0FD8153-1944-43B9-B255-135EE775699B}.Debug|Any CPU.Build.0 = Debug|Any CPU
		{D0FD8153-1944-43B9-B255-135EE775699B}.Release|Any CPU.ActiveCfg = Release|Any CPU
		{D0FD8153-1944-43B9-B255-135EE775699B}.Release|Any CPU.Build.0 = Release|Any CPU
		{5C3439D0-F4ED-4071-8A39-650DC231EF84}.Debug|Any CPU.ActiveCfg = Debug|Any CPU
		{5C3439D0-F4ED-4071-8A39-650DC231EF84}.Debug|Any CPU.Build.0 = Debug|Any CPU
		{5C3439D0-F4ED-4071-8A39-650DC231EF84}.Release|Any CPU.ActiveCfg = Release|Any CPU
		{5C3439D0-F4ED-4071-8A39-650DC231EF84}.Release|Any CPU.Build.0 = Release|Any CPU
		{127E0CB4-7B8C-490E-8A38-233C21EB03BE}.Debug|Any CPU.ActiveCfg = Debug|Any CPU
		{127E0CB4-7B8C-490E-8A38-233C21EB03BE}.Debug|Any CPU.Build.0 = Debug|Any CPU
		{127E0CB4-7B8C-490E-8A38-233C21EB03BE}.Release|Any CPU.ActiveCfg = Release|Any CPU
		{127E0CB4-7B8C-490E-8A38-233C21EB03BE}.Release|Any CPU.Build.0 = Release|Any CPU
		{114C3D2F-1E05-45ED-ACF6-161F534475C6}.Debug|Any CPU.ActiveCfg = Debug|Any CPU
		{114C3D2F-1E05-45ED-ACF6-161F534475C6}.Debug|Any CPU.Build.0 = Debug|Any CPU
		{114C3D2F-1E05-45ED-ACF6-161F534475C6}.Release|Any CPU.ActiveCfg = Release|Any CPU
		{114C3D2F-1E05-45ED-ACF6-161F534475C6}.Release|Any CPU.Build.0 = Release|Any CPU
		{8EFB0EEB-33DA-4B59-8B93-ADCD0FEF5798}.Debug|Any CPU.ActiveCfg = Debug|Any CPU
		{8EFB0EEB-33DA-4B59-8B93-ADCD0FEF5798}.Debug|Any CPU.Build.0 = Debug|Any CPU
		{8EFB0EEB-33DA-4B59-8B93-ADCD0FEF5798}.Release|Any CPU.ActiveCfg = Release|Any CPU
		{8EFB0EEB-33DA-4B59-8B93-ADCD0FEF5798}.Release|Any CPU.Build.0 = Release|Any CPU
		{E233B49B-0294-41E0-B3AC-284D36E0B16E}.Debug|Any CPU.ActiveCfg = Debug|Any CPU
		{E233B49B-0294-41E0-B3AC-284D36E0B16E}.Debug|Any CPU.Build.0 = Debug|Any CPU
		{E233B49B-0294-41E0-B3AC-284D36E0B16E}.Release|Any CPU.ActiveCfg = Release|Any CPU
		{E233B49B-0294-41E0-B3AC-284D36E0B16E}.Release|Any CPU.Build.0 = Release|Any CPU
		{A5323804-C057-4145-8C83-DC07E00F38C5}.Debug|Any CPU.ActiveCfg = Debug|Any CPU
		{A5323804-C057-4145-8C83-DC07E00F38C5}.Debug|Any CPU.Build.0 = Debug|Any CPU
		{A5323804-C057-4145-8C83-DC07E00F38C5}.Release|Any CPU.ActiveCfg = Release|Any CPU
		{A5323804-C057-4145-8C83-DC07E00F38C5}.Release|Any CPU.Build.0 = Release|Any CPU
		{D2A88196-DA7D-43B1-B0E9-3AA07659AB61}.Debug|Any CPU.ActiveCfg = Debug|Any CPU
		{D2A88196-DA7D-43B1-B0E9-3AA07659AB61}.Debug|Any CPU.Build.0 = Debug|Any CPU
		{D2A88196-DA7D-43B1-B0E9-3AA07659AB61}.Release|Any CPU.ActiveCfg = Release|Any CPU
		{D2A88196-DA7D-43B1-B0E9-3AA07659AB61}.Release|Any CPU.Build.0 = Release|Any CPU
		{369D5548-CF74-4E48-946B-0183587F52A8}.Debug|Any CPU.ActiveCfg = Debug|Any CPU
		{369D5548-CF74-4E48-946B-0183587F52A8}.Debug|Any CPU.Build.0 = Debug|Any CPU
		{369D5548-CF74-4E48-946B-0183587F52A8}.Release|Any CPU.ActiveCfg = Release|Any CPU
		{369D5548-CF74-4E48-946B-0183587F52A8}.Release|Any CPU.Build.0 = Release|Any CPU
		{DB114C77-4906-4F20-9824-C01BEEB26EDC}.Debug|Any CPU.ActiveCfg = Debug|Any CPU
		{DB114C77-4906-4F20-9824-C01BEEB26EDC}.Debug|Any CPU.Build.0 = Debug|Any CPU
		{DB114C77-4906-4F20-9824-C01BEEB26EDC}.Release|Any CPU.ActiveCfg = Release|Any CPU
		{DB114C77-4906-4F20-9824-C01BEEB26EDC}.Release|Any CPU.Build.0 = Release|Any CPU
	EndGlobalSection
	GlobalSection(SolutionProperties) = preSolution
		HideSolutionNode = FALSE
	EndGlobalSection
	GlobalSection(NestedProjects) = preSolution
		{F05ED0D6-CE7B-4CD7-A44B-08AA8580D05D} = {4926D54D-4DA8-4C4C-A707-694640346787}
		{5B06A69D-8660-4D15-B6B1-6A7DDBAA5CE5} = {4926D54D-4DA8-4C4C-A707-694640346787}
		{4CC506AE-F6BC-46B2-910A-D6BF29DA8D90} = {4926D54D-4DA8-4C4C-A707-694640346787}
		{CE85AAE2-BD07-45F0-A642-4FA376ED9BF1} = {4926D54D-4DA8-4C4C-A707-694640346787}
		{9CF7EBA9-983F-450D-8F90-D5CA64AF21B1} = {4926D54D-4DA8-4C4C-A707-694640346787}
		{FC05B066-5813-403D-BCD7-ABC01EE6041B} = {4926D54D-4DA8-4C4C-A707-694640346787}
		{DEB95203-33EA-4A35-80BE-70572448F338} = {F05ED0D6-CE7B-4CD7-A44B-08AA8580D05D}
		{C7A37DC6-3AC6-4397-9E06-0EA932D69A17} = {F05ED0D6-CE7B-4CD7-A44B-08AA8580D05D}
		{1E211E27-E55C-41C8-B7B8-3C91109CB3E7} = {F05ED0D6-CE7B-4CD7-A44B-08AA8580D05D}
		{D0FD8153-1944-43B9-B255-135EE775699B} = {646D8258-CD8E-475E-9F33-36E554693651}
		{5C3439D0-F4ED-4071-8A39-650DC231EF84} = {646D8258-CD8E-475E-9F33-36E554693651}
		{127E0CB4-7B8C-490E-8A38-233C21EB03BE} = {646D8258-CD8E-475E-9F33-36E554693651}
		{114C3D2F-1E05-45ED-ACF6-161F534475C6} = {0C47B3E5-26FC-4ACF-BA9E-BF8D68F14794}
		{39C55247-F5FE-42CB-9488-EFB6C88B3D6C} = {646D8258-CD8E-475E-9F33-36E554693651}
		{8EFB0EEB-33DA-4B59-8B93-ADCD0FEF5798} = {0C47B3E5-26FC-4ACF-BA9E-BF8D68F14794}
		{E233B49B-0294-41E0-B3AC-284D36E0B16E} = {EE10161A-BB1F-42A4-B5EE-1958A424D21C}
		{03D1EF1D-C8F6-44D6-903F-F163F610709E} = {EE10161A-BB1F-42A4-B5EE-1958A424D21C}
		{A5323804-C057-4145-8C83-DC07E00F38C5} = {03D1EF1D-C8F6-44D6-903F-F163F610709E}
		{D2A88196-DA7D-43B1-B0E9-3AA07659AB61} = {39C55247-F5FE-42CB-9488-EFB6C88B3D6C}
		{369D5548-CF74-4E48-946B-0183587F52A8} = {A1872D18-C20C-4365-B94A-5DE83F811233}
		{DB114C77-4906-4F20-9824-C01BEEB26EDC} = {1EF32DE6-416E-40B7-934B-E92E8363B182}
		{1EF32DE6-416E-40B7-934B-E92E8363B182} = {A1872D18-C20C-4365-B94A-5DE83F811233}
	EndGlobalSection
	GlobalSection(ExtensibilityGlobals) = postSolution
		SolutionGuid = {C00C456E-E88C-482E-992F-78AC6252AC20}
	EndGlobalSection
EndGlobal
