
Microsoft Visual Studio Solution File, Format Version 12.00
# Visual Studio 15
VisualStudioVersion = 15.0.27004.2010
MinimumVisualStudioVersion = 10.0.40219.1
Project("{2150E333-8FDC-42A3-9474-1A3956D46DE8}") = "Core", "Core", "{2CCA15D3-1DB8-4080-9A2C-60AF8F8CF1A2}"
EndProject
Project("{2150E333-8FDC-42A3-9474-1A3956D46DE8}") = "Application Services", "Application Services", "{C27080AB-E18A-4A91-9B1E-948476EE8F60}"
EndProject
Project("{2150E333-8FDC-42A3-9474-1A3956D46DE8}") = "Infrastructure", "Infrastructure", "{8B2D4C24-488F-4A0B-B95A-7A0A41FABF3E}"
EndProject
Project("{2150E333-8FDC-42A3-9474-1A3956D46DE8}") = "Tests", "Tests", "{F05ED0D6-CE7B-4CD7-A44B-08AA8580D05D}"
EndProject
Project("{FAE04EC0-301F-11D3-BF4B-00C04F79EFBC}") = "SFA.DAS.Support.Portal.Web", "SFA.DAS.Support.Portal.Web\SFA.DAS.Support.Portal.Web.csproj", "{5B06A69D-8660-4D15-B6B1-6A7DDBAA5CE5}"
EndProject
Project("{FAE04EC0-301F-11D3-BF4B-00C04F79EFBC}") = "SFA.DAS.Support.Portal.Infrastructure", "SFA.DAS.Support.Portal.Infrastructure\SFA.DAS.Support.Portal.Infrastructure.csproj", "{4CC506AE-F6BC-46B2-910A-D6BF29DA8D90}"
EndProject
Project("{FAE04EC0-301F-11D3-BF4B-00C04F79EFBC}") = "SFA.DAS.Support.Portal.ApplicationServices", "SFA.DAS.Support.Portal.ApplicationServices\SFA.DAS.Support.Portal.ApplicationServices.csproj", "{CE85AAE2-BD07-45F0-A642-4FA376ED9BF1}"
EndProject
Project("{FAE04EC0-301F-11D3-BF4B-00C04F79EFBC}") = "SFA.DAS.Support.Portal.Core", "SFA.DAS.Support.Portal.Core\SFA.DAS.Support.Portal.Core.csproj", "{9CF7EBA9-983F-450D-8F90-D5CA64AF21B1}"
EndProject
Project("{FAE04EC0-301F-11D3-BF4B-00C04F79EFBC}") = "SFA.DAS.Support.Portal.Health", "SFA.DAS.Support.Portal.Health\SFA.DAS.Support.Portal.Health.csproj", "{FC05B066-5813-403D-BCD7-ABC01EE6041B}"
EndProject
Project("{FAE04EC0-301F-11D3-BF4B-00C04F79EFBC}") = "SFA.DAS.Support.Shared", "SFA.DAS.Support.Shared\SFA.DAS.Support.Shared.csproj", "{324A9892-D5E5-4B63-9A43-9C9FD3F80B45}"
EndProject
Project("{FAE04EC0-301F-11D3-BF4B-00C04F79EFBC}") = "SFA.DAS.Support.Portal.ApplicationServices.UnitTests", "SFA.DAS.Support.Portal.ApplicationServices.UnitTests\SFA.DAS.Support.Portal.ApplicationServices.UnitTests.csproj", "{DEB95203-33EA-4A35-80BE-70572448F338}"
EndProject
Project("{FAE04EC0-301F-11D3-BF4B-00C04F79EFBC}") = "SFA.DAS.Support.Portal.Infrastructure.UnitTests", "SFA.DAS.Support.Portal.Infrastructure.UnitTests\SFA.DAS.Support.Portal.Infrastructure.UnitTests.csproj", "{C7A37DC6-3AC6-4397-9E06-0EA932D69A17}"
EndProject
Project("{FAE04EC0-301F-11D3-BF4B-00C04F79EFBC}") = "SFA.DAS.Support.Portal.UnitTests", "SFA.DAS.Support.Portal.UnitTests\SFA.DAS.Support.Portal.UnitTests.csproj", "{1E211E27-E55C-41C8-B7B8-3C91109CB3E7}"
EndProject
Project("{2150E333-8FDC-42A3-9474-1A3956D46DE8}") = "Portal", "Portal", "{4926D54D-4DA8-4C4C-A707-694640346787}"
EndProject
Project("{2150E333-8FDC-42A3-9474-1A3956D46DE8}") = "Indexer", "Indexer", "{646D8258-CD8E-475E-9F33-36E554693651}"
EndProject
Project("{2150E333-8FDC-42A3-9474-1A3956D46DE8}") = "Cloud", "Cloud", "{0C47B3E5-26FC-4ACF-BA9E-BF8D68F14794}"
EndProject
Project("{FAE04EC0-301F-11D3-BF4B-00C04F79EFBC}") = "SFA.DAS.Support.Indexer.ApplicationServices", "SFA.DAS.Support.Indexer.ApplicationServices\SFA.DAS.Support.Indexer.ApplicationServices.csproj", "{D0FD8153-1944-43B9-B255-135EE775699B}"
EndProject
Project("{FAE04EC0-301F-11D3-BF4B-00C04F79EFBC}") = "SFA.DAS.Support.Indexer.Core", "SFA.DAS.Support.Indexer.Core\SFA.DAS.Support.Indexer.Core.csproj", "{5C3439D0-F4ED-4071-8A39-650DC231EF84}"
EndProject
Project("{FAE04EC0-301F-11D3-BF4B-00C04F79EFBC}") = "SFA.DAS.Support.Indexer.Infrastructure", "SFA.DAS.Support.Indexer.Infrastructure\SFA.DAS.Support.Indexer.Infrastructure.csproj", "{DCF11D5A-4E9E-4902-BEFE-11D6DE23ECC4}"
EndProject
Project("{FAE04EC0-301F-11D3-BF4B-00C04F79EFBC}") = "SFA.DAS.Support.Indexer.Worker", "SFA.DAS.Support.Indexer.Worker\SFA.DAS.Support.Indexer.Worker.csproj", "{127E0CB4-7B8C-490E-8A38-233C21EB03BE}"
EndProject
Project("{CC5FD16D-436D-48AD-A40C-5A424C6E3E79}") = "SFA.DAS.Support.Portal.Web.CloudService", "SFA.DAS.Support.Portal.Web.CloudService\SFA.DAS.Support.Portal.Web.CloudService.ccproj", "{114C3D2F-1E05-45ED-ACF6-161F534475C6}"
EndProject
Project("{2150E333-8FDC-42A3-9474-1A3956D46DE8}") = "Application Services", "Application Services", "{42217A09-146F-4A07-8FB7-0F7B41A44BDD}"
EndProject
Project("{2150E333-8FDC-42A3-9474-1A3956D46DE8}") = "Core", "Core", "{728F6300-E7A3-41D2-B49C-B59B5A7898DA}"
EndProject
Project("{2150E333-8FDC-42A3-9474-1A3956D46DE8}") = "Infrastructure", "Infrastructure", "{B4DFDA7E-DB35-4FAD-8EC4-6E2C4AAB10EB}"
EndProject
Project("{2150E333-8FDC-42A3-9474-1A3956D46DE8}") = "Tests", "Tests", "{39C55247-F5FE-42CB-9488-EFB6C88B3D6C}"
EndProject
Global
	GlobalSection(SolutionConfigurationPlatforms) = preSolution
		Debug|Any CPU = Debug|Any CPU
		Release|Any CPU = Release|Any CPU
	EndGlobalSection
	GlobalSection(ProjectConfigurationPlatforms) = postSolution
		{5B06A69D-8660-4D15-B6B1-6A7DDBAA5CE5}.Debug|Any CPU.ActiveCfg = Debug|Any CPU
		{5B06A69D-8660-4D15-B6B1-6A7DDBAA5CE5}.Debug|Any CPU.Build.0 = Debug|Any CPU
		{5B06A69D-8660-4D15-B6B1-6A7DDBAA5CE5}.Release|Any CPU.ActiveCfg = Release|Any CPU
		{5B06A69D-8660-4D15-B6B1-6A7DDBAA5CE5}.Release|Any CPU.Build.0 = Release|Any CPU
		{4CC506AE-F6BC-46B2-910A-D6BF29DA8D90}.Debug|Any CPU.ActiveCfg = Debug|Any CPU
		{4CC506AE-F6BC-46B2-910A-D6BF29DA8D90}.Debug|Any CPU.Build.0 = Debug|Any CPU
		{4CC506AE-F6BC-46B2-910A-D6BF29DA8D90}.Release|Any CPU.ActiveCfg = Release|Any CPU
		{4CC506AE-F6BC-46B2-910A-D6BF29DA8D90}.Release|Any CPU.Build.0 = Release|Any CPU
		{CE85AAE2-BD07-45F0-A642-4FA376ED9BF1}.Debug|Any CPU.ActiveCfg = Debug|Any CPU
		{CE85AAE2-BD07-45F0-A642-4FA376ED9BF1}.Debug|Any CPU.Build.0 = Debug|Any CPU
		{CE85AAE2-BD07-45F0-A642-4FA376ED9BF1}.Release|Any CPU.ActiveCfg = Release|Any CPU
		{CE85AAE2-BD07-45F0-A642-4FA376ED9BF1}.Release|Any CPU.Build.0 = Release|Any CPU
		{9CF7EBA9-983F-450D-8F90-D5CA64AF21B1}.Debug|Any CPU.ActiveCfg = Debug|Any CPU
		{9CF7EBA9-983F-450D-8F90-D5CA64AF21B1}.Debug|Any CPU.Build.0 = Debug|Any CPU
		{9CF7EBA9-983F-450D-8F90-D5CA64AF21B1}.Release|Any CPU.ActiveCfg = Release|Any CPU
		{9CF7EBA9-983F-450D-8F90-D5CA64AF21B1}.Release|Any CPU.Build.0 = Release|Any CPU
		{FC05B066-5813-403D-BCD7-ABC01EE6041B}.Debug|Any CPU.ActiveCfg = Debug|Any CPU
		{FC05B066-5813-403D-BCD7-ABC01EE6041B}.Debug|Any CPU.Build.0 = Debug|Any CPU
		{FC05B066-5813-403D-BCD7-ABC01EE6041B}.Release|Any CPU.ActiveCfg = Release|Any CPU
		{FC05B066-5813-403D-BCD7-ABC01EE6041B}.Release|Any CPU.Build.0 = Release|Any CPU
		{324A9892-D5E5-4B63-9A43-9C9FD3F80B45}.Debug|Any CPU.ActiveCfg = Debug|Any CPU
		{324A9892-D5E5-4B63-9A43-9C9FD3F80B45}.Debug|Any CPU.Build.0 = Debug|Any CPU
		{324A9892-D5E5-4B63-9A43-9C9FD3F80B45}.Release|Any CPU.ActiveCfg = Release|Any CPU
		{324A9892-D5E5-4B63-9A43-9C9FD3F80B45}.Release|Any CPU.Build.0 = Release|Any CPU
		{DEB95203-33EA-4A35-80BE-70572448F338}.Debug|Any CPU.ActiveCfg = Debug|Any CPU
		{DEB95203-33EA-4A35-80BE-70572448F338}.Debug|Any CPU.Build.0 = Debug|Any CPU
		{DEB95203-33EA-4A35-80BE-70572448F338}.Release|Any CPU.ActiveCfg = Release|Any CPU
		{DEB95203-33EA-4A35-80BE-70572448F338}.Release|Any CPU.Build.0 = Release|Any CPU
		{C7A37DC6-3AC6-4397-9E06-0EA932D69A17}.Debug|Any CPU.ActiveCfg = Debug|Any CPU
		{C7A37DC6-3AC6-4397-9E06-0EA932D69A17}.Debug|Any CPU.Build.0 = Debug|Any CPU
		{C7A37DC6-3AC6-4397-9E06-0EA932D69A17}.Release|Any CPU.ActiveCfg = Release|Any CPU
		{C7A37DC6-3AC6-4397-9E06-0EA932D69A17}.Release|Any CPU.Build.0 = Release|Any CPU
		{1E211E27-E55C-41C8-B7B8-3C91109CB3E7}.Debug|Any CPU.ActiveCfg = Debug|Any CPU
		{1E211E27-E55C-41C8-B7B8-3C91109CB3E7}.Debug|Any CPU.Build.0 = Debug|Any CPU
		{1E211E27-E55C-41C8-B7B8-3C91109CB3E7}.Release|Any CPU.ActiveCfg = Release|Any CPU
		{1E211E27-E55C-41C8-B7B8-3C91109CB3E7}.Release|Any CPU.Build.0 = Release|Any CPU
		{D0FD8153-1944-43B9-B255-135EE775699B}.Debug|Any CPU.ActiveCfg = Debug|Any CPU
		{D0FD8153-1944-43B9-B255-135EE775699B}.Debug|Any CPU.Build.0 = Debug|Any CPU
		{D0FD8153-1944-43B9-B255-135EE775699B}.Release|Any CPU.ActiveCfg = Release|Any CPU
		{D0FD8153-1944-43B9-B255-135EE775699B}.Release|Any CPU.Build.0 = Release|Any CPU
		{5C3439D0-F4ED-4071-8A39-650DC231EF84}.Debug|Any CPU.ActiveCfg = Debug|Any CPU
		{5C3439D0-F4ED-4071-8A39-650DC231EF84}.Debug|Any CPU.Build.0 = Debug|Any CPU
		{5C3439D0-F4ED-4071-8A39-650DC231EF84}.Release|Any CPU.ActiveCfg = Release|Any CPU
		{5C3439D0-F4ED-4071-8A39-650DC231EF84}.Release|Any CPU.Build.0 = Release|Any CPU
		{DCF11D5A-4E9E-4902-BEFE-11D6DE23ECC4}.Debug|Any CPU.ActiveCfg = Debug|Any CPU
		{DCF11D5A-4E9E-4902-BEFE-11D6DE23ECC4}.Debug|Any CPU.Build.0 = Debug|Any CPU
		{DCF11D5A-4E9E-4902-BEFE-11D6DE23ECC4}.Release|Any CPU.ActiveCfg = Release|Any CPU
		{DCF11D5A-4E9E-4902-BEFE-11D6DE23ECC4}.Release|Any CPU.Build.0 = Release|Any CPU
		{127E0CB4-7B8C-490E-8A38-233C21EB03BE}.Debug|Any CPU.ActiveCfg = Debug|Any CPU
		{127E0CB4-7B8C-490E-8A38-233C21EB03BE}.Debug|Any CPU.Build.0 = Debug|Any CPU
		{127E0CB4-7B8C-490E-8A38-233C21EB03BE}.Release|Any CPU.ActiveCfg = Release|Any CPU
		{127E0CB4-7B8C-490E-8A38-233C21EB03BE}.Release|Any CPU.Build.0 = Release|Any CPU
		{114C3D2F-1E05-45ED-ACF6-161F534475C6}.Debug|Any CPU.ActiveCfg = Debug|Any CPU
		{114C3D2F-1E05-45ED-ACF6-161F534475C6}.Debug|Any CPU.Build.0 = Debug|Any CPU
		{114C3D2F-1E05-45ED-ACF6-161F534475C6}.Release|Any CPU.ActiveCfg = Release|Any CPU
		{114C3D2F-1E05-45ED-ACF6-161F534475C6}.Release|Any CPU.Build.0 = Release|Any CPU
	EndGlobalSection
	GlobalSection(SolutionProperties) = preSolution
		HideSolutionNode = FALSE
	EndGlobalSection
	GlobalSection(NestedProjects) = preSolution
		{2CCA15D3-1DB8-4080-9A2C-60AF8F8CF1A2} = {4926D54D-4DA8-4C4C-A707-694640346787}
		{C27080AB-E18A-4A91-9B1E-948476EE8F60} = {4926D54D-4DA8-4C4C-A707-694640346787}
		{8B2D4C24-488F-4A0B-B95A-7A0A41FABF3E} = {4926D54D-4DA8-4C4C-A707-694640346787}
		{F05ED0D6-CE7B-4CD7-A44B-08AA8580D05D} = {4926D54D-4DA8-4C4C-A707-694640346787}
		{5B06A69D-8660-4D15-B6B1-6A7DDBAA5CE5} = {4926D54D-4DA8-4C4C-A707-694640346787}
		{4CC506AE-F6BC-46B2-910A-D6BF29DA8D90} = {8B2D4C24-488F-4A0B-B95A-7A0A41FABF3E}
		{CE85AAE2-BD07-45F0-A642-4FA376ED9BF1} = {C27080AB-E18A-4A91-9B1E-948476EE8F60}
		{9CF7EBA9-983F-450D-8F90-D5CA64AF21B1} = {2CCA15D3-1DB8-4080-9A2C-60AF8F8CF1A2}
		{FC05B066-5813-403D-BCD7-ABC01EE6041B} = {8B2D4C24-488F-4A0B-B95A-7A0A41FABF3E}
		{324A9892-D5E5-4B63-9A43-9C9FD3F80B45} = {2CCA15D3-1DB8-4080-9A2C-60AF8F8CF1A2}
		{DEB95203-33EA-4A35-80BE-70572448F338} = {F05ED0D6-CE7B-4CD7-A44B-08AA8580D05D}
		{C7A37DC6-3AC6-4397-9E06-0EA932D69A17} = {F05ED0D6-CE7B-4CD7-A44B-08AA8580D05D}
		{1E211E27-E55C-41C8-B7B8-3C91109CB3E7} = {F05ED0D6-CE7B-4CD7-A44B-08AA8580D05D}
		{D0FD8153-1944-43B9-B255-135EE775699B} = {42217A09-146F-4A07-8FB7-0F7B41A44BDD}
		{5C3439D0-F4ED-4071-8A39-650DC231EF84} = {728F6300-E7A3-41D2-B49C-B59B5A7898DA}
		{DCF11D5A-4E9E-4902-BEFE-11D6DE23ECC4} = {B4DFDA7E-DB35-4FAD-8EC4-6E2C4AAB10EB}
		{127E0CB4-7B8C-490E-8A38-233C21EB03BE} = {646D8258-CD8E-475E-9F33-36E554693651}
		{114C3D2F-1E05-45ED-ACF6-161F534475C6} = {0C47B3E5-26FC-4ACF-BA9E-BF8D68F14794}
		{42217A09-146F-4A07-8FB7-0F7B41A44BDD} = {646D8258-CD8E-475E-9F33-36E554693651}
		{728F6300-E7A3-41D2-B49C-B59B5A7898DA} = {646D8258-CD8E-475E-9F33-36E554693651}
		{B4DFDA7E-DB35-4FAD-8EC4-6E2C4AAB10EB} = {646D8258-CD8E-475E-9F33-36E554693651}
		{39C55247-F5FE-42CB-9488-EFB6C88B3D6C} = {646D8258-CD8E-475E-9F33-36E554693651}
	EndGlobalSection
	GlobalSection(ExtensibilityGlobals) = postSolution
		SolutionGuid = {C00C456E-E88C-482E-992F-78AC6252AC20}
	EndGlobalSection
EndGlobal
